
Microsoft Visual Studio Solution File, Format Version 12.00
# Visual Studio Version 16
VisualStudioVersion = 16.0.30804.86
MinimumVisualStudioVersion = 10.0.40219.1
Project("{9A19103F-16F7-4668-BE54-9A1E7A4F7556}") = "BibMaMo.Api", "BibMaMoAPI\BibMaMo.Api.csproj", "{AD4497D3-CD18-4DF8-B40D-0A203C44A8CB}"
EndProject
Project("{9A19103F-16F7-4668-BE54-9A1E7A4F7556}") = "BibMaMo.Core", "BibMaMo.Core\BibMaMo.Core.csproj", "{AED182CD-1850-4A43-8160-8D757A1B55A3}"
EndProject
Project("{9A19103F-16F7-4668-BE54-9A1E7A4F7556}") = "BibMaMo.Infrastructure", "BibMaMo.Infrastructure\BibMaMo.Infrastructure.csproj", "{ED323F08-B640-4EE7-8E03-DDCD5790499B}"
EndProject
Project("{2150E333-8FDC-42A3-9474-1A3956D46DE8}") = "Tests", "Tests", "{0389B1B1-8702-4F73-8CF0-B79DD764D303}"
EndProject
Project("{9A19103F-16F7-4668-BE54-9A1E7A4F7556}") = "BibMamo.UnitTests", "BibMamo.UnitTests\BibMamo.UnitTests.csproj", "{A83BFF0C-4B04-4EC0-8649-2F29B42549F3}"
EndProject
Project("{9A19103F-16F7-4668-BE54-9A1E7A4F7556}") = "BibMaMo.IntegrationTests", "BibMaMo.IntegrationTests\BibMaMo.IntegrationTests.csproj", "{2CB8E279-DA3C-4483-BC95-97808ED3D7F0}"
EndProject
Project("{9A19103F-16F7-4668-BE54-9A1E7A4F7556}") = "MailerService", "MailerService\MailerService.csproj", "{4D240F1A-7C48-4657-AB63-F74DD81E50E7}"
EndProject
Global
	GlobalSection(SolutionConfigurationPlatforms) = preSolution
		Debug|Any CPU = Debug|Any CPU
		Release|Any CPU = Release|Any CPU
	EndGlobalSection
	GlobalSection(ProjectConfigurationPlatforms) = postSolution
		{AD4497D3-CD18-4DF8-B40D-0A203C44A8CB}.Debug|Any CPU.ActiveCfg = Debug|Any CPU
		{AD4497D3-CD18-4DF8-B40D-0A203C44A8CB}.Debug|Any CPU.Build.0 = Debug|Any CPU
		{AD4497D3-CD18-4DF8-B40D-0A203C44A8CB}.Release|Any CPU.ActiveCfg = Release|Any CPU
		{AD4497D3-CD18-4DF8-B40D-0A203C44A8CB}.Release|Any CPU.Build.0 = Release|Any CPU
		{AED182CD-1850-4A43-8160-8D757A1B55A3}.Debug|Any CPU.ActiveCfg = Debug|Any CPU
		{AED182CD-1850-4A43-8160-8D757A1B55A3}.Debug|Any CPU.Build.0 = Debug|Any CPU
		{AED182CD-1850-4A43-8160-8D757A1B55A3}.Release|Any CPU.ActiveCfg = Release|Any CPU
		{AED182CD-1850-4A43-8160-8D757A1B55A3}.Release|Any CPU.Build.0 = Release|Any CPU
		{ED323F08-B640-4EE7-8E03-DDCD5790499B}.Debug|Any CPU.ActiveCfg = Debug|Any CPU
		{ED323F08-B640-4EE7-8E03-DDCD5790499B}.Debug|Any CPU.Build.0 = Debug|Any CPU
		{ED323F08-B640-4EE7-8E03-DDCD5790499B}.Release|Any CPU.ActiveCfg = Release|Any CPU
		{ED323F08-B640-4EE7-8E03-DDCD5790499B}.Release|Any CPU.Build.0 = Release|Any CPU
		{A83BFF0C-4B04-4EC0-8649-2F29B42549F3}.Debug|Any CPU.ActiveCfg = Debug|Any CPU
		{A83BFF0C-4B04-4EC0-8649-2F29B42549F3}.Debug|Any CPU.Build.0 = Debug|Any CPU
		{A83BFF0C-4B04-4EC0-8649-2F29B42549F3}.Release|Any CPU.ActiveCfg = Release|Any CPU
		{A83BFF0C-4B04-4EC0-8649-2F29B42549F3}.Release|Any CPU.Build.0 = Release|Any CPU
		{2CB8E279-DA3C-4483-BC95-97808ED3D7F0}.Debug|Any CPU.ActiveCfg = Debug|Any CPU
		{2CB8E279-DA3C-4483-BC95-97808ED3D7F0}.Debug|Any CPU.Build.0 = Debug|Any CPU
		{2CB8E279-DA3C-4483-BC95-97808ED3D7F0}.Release|Any CPU.ActiveCfg = Release|Any CPU
		{2CB8E279-DA3C-4483-BC95-97808ED3D7F0}.Release|Any CPU.Build.0 = Release|Any CPU
		{4D240F1A-7C48-4657-AB63-F74DD81E50E7}.Debug|Any CPU.ActiveCfg = Debug|Any CPU
		{4D240F1A-7C48-4657-AB63-F74DD81E50E7}.Debug|Any CPU.Build.0 = Debug|Any CPU
		{4D240F1A-7C48-4657-AB63-F74DD81E50E7}.Release|Any CPU.ActiveCfg = Release|Any CPU
		{4D240F1A-7C48-4657-AB63-F74DD81E50E7}.Release|Any CPU.Build.0 = Release|Any CPU
	EndGlobalSection
	GlobalSection(SolutionProperties) = preSolution
		HideSolutionNode = FALSE
	EndGlobalSection
	GlobalSection(NestedProjects) = preSolution
		{A83BFF0C-4B04-4EC0-8649-2F29B42549F3} = {0389B1B1-8702-4F73-8CF0-B79DD764D303}
		{2CB8E279-DA3C-4483-BC95-97808ED3D7F0} = {0389B1B1-8702-4F73-8CF0-B79DD764D303}
	EndGlobalSection
	GlobalSection(ExtensibilityGlobals) = postSolution
		SolutionGuid = {331C8B44-8A39-4450-B228-95A1D5358662}
	EndGlobalSection
EndGlobal
